
Microsoft Visual Studio Solution File, Format Version 12.00
# Visual Studio 15
Project("{FAE04EC0-301F-11D3-BF4B-00C04F79EFBC}") = "X_Tournament", "X_Tournament.csproj", "{2EBF8DEB-E4C7-E9C4-745E-FEB77F4EFF48}"
EndProject
Global
	GlobalSection(SolutionConfigurationPlatforms) = preSolution
		Debug|Any CPU = Debug|Any CPU
		Release|Any CPU = Release|Any CPU
	EndGlobalSection
	GlobalSection(ProjectConfigurationPlatforms) = postSolution
		{2EBF8DEB-E4C7-E9C4-745E-FEB77F4EFF48}.Debug|Any CPU.ActiveCfg = Debug|Any CPU
		{2EBF8DEB-E4C7-E9C4-745E-FEB77F4EFF48}.Debug|Any CPU.Build.0 = Debug|Any CPU
		{2EBF8DEB-E4C7-E9C4-745E-FEB77F4EFF48}.Release|Any CPU.ActiveCfg = Release|Any CPU
		{2EBF8DEB-E4C7-E9C4-745E-FEB77F4EFF48}.Release|Any CPU.Build.0 = Release|Any CPU
	EndGlobalSection
	GlobalSection(SolutionProperties) = preSolution
		HideSolutionNode = FALSE
	EndGlobalSection
EndGlobal
